
Microsoft Visual Studio Solution File, Format Version 12.00
# Visual Studio Version 17
VisualStudioVersion = 17.0.31903.59
MinimumVisualStudioVersion = 10.0.40219.1
Project("{2150E333-8FDC-42A3-9474-1A3956D46DE8}") = "src", "src", "{37115748-9533-4B39-81E6-9E0467B58108}"
EndProject
Project("{2150E333-8FDC-42A3-9474-1A3956D46DE8}") = "Modules", "Modules", "{381A4185-3C7E-4957-B2E2-AB6C0B6E8F82}"
EndProject
Project("{FAE04EC0-301F-11D3-BF4B-00C04F79EFBC}") = "PayCalc24.Attendance", "src\Modules\PayCalc24.Attendance\PayCalc24.Attendance.csproj", "{0DBBE05E-AB18-43AC-A350-55C170C828A3}"
EndProject
Project("{FAE04EC0-301F-11D3-BF4B-00C04F79EFBC}") = "PayCalc24.Compensation", "src\Modules\PayCalc24.Compensation\PayCalc24.Compensation.csproj", "{D2EBBBE7-F2DA-48AE-B92C-53087B62B95D}"
EndProject
Project("{FAE04EC0-301F-11D3-BF4B-00C04F79EFBC}") = "PayCalc24.FormulaEngine", "src\Modules\PayCalc24.FormulaEngine\PayCalc24.FormulaEngine.csproj", "{3C7E061E-ACD5-4091-B388-DBA1BC555E7E}"
EndProject
Project("{FAE04EC0-301F-11D3-BF4B-00C04F79EFBC}") = "PayCalc24.Integration", "src\Modules\PayCalc24.Integration\PayCalc24.Integration.csproj", "{338AA07A-6F0A-4008-A058-CC937F05138B}"
EndProject
Project("{FAE04EC0-301F-11D3-BF4B-00C04F79EFBC}") = "PayCalc24.Organization", "src\Modules\PayCalc24.Organization\PayCalc24.Organization.csproj", "{DEA947B3-3867-47C4-9C4C-6D12DB67CCA2}"
EndProject
Project("{FAE04EC0-301F-11D3-BF4B-00C04F79EFBC}") = "PayCalc24.PayrollCalculation", "src\Modules\PayCalc24.PayrollCalculation\PayCalc24.PayrollCalculation.csproj", "{E648228C-792C-47CE-8DD9-7B1B39432F46}"
EndProject
Project("{FAE04EC0-301F-11D3-BF4B-00C04F79EFBC}") = "PayCalc24.PayrollFunds", "src\Modules\PayCalc24.PayrollFunds\PayCalc24.PayrollFunds.csproj", "{1F9E393A-6BC2-4AD7-A567-B2B042558AC6}"
EndProject
Project("{FAE04EC0-301F-11D3-BF4B-00C04F79EFBC}") = "PayCalc24.Performance", "src\Modules\PayCalc24.Performance\PayCalc24.Performance.csproj", "{867C844F-A29E-4D4D-A214-5B47915D11AC}"
EndProject
Project("{FAE04EC0-301F-11D3-BF4B-00C04F79EFBC}") = "PayCalc24.Reporting", "src\Modules\PayCalc24.Reporting\PayCalc24.Reporting.csproj", "{EC635453-F8B7-47AC-8505-20E6ED69686D}"
EndProject
Project("{FAE04EC0-301F-11D3-BF4B-00C04F79EFBC}") = "PayCalc24.Simulation", "src\Modules\PayCalc24.Simulation\PayCalc24.Simulation.csproj", "{251DD04F-C7ED-4657-BD17-B3BF9A23EC6A}"
EndProject
Project("{FAE04EC0-301F-11D3-BF4B-00C04F79EFBC}") = "PayCalc24.Api", "src\PayCalc24.Api\PayCalc24.Api.csproj", "{3EAEECB2-F630-4131-B05D-ECCF12786D31}"
EndProject
Project("{FAE04EC0-301F-11D3-BF4B-00C04F79EFBC}") = "PayCalc24.Application", "src\PayCalc24.Application\PayCalc24.Application.csproj", "{B34892C1-BA8E-44AD-86D7-F9D050EE5338}"
EndProject
Project("{FAE04EC0-301F-11D3-BF4B-00C04F79EFBC}") = "PayCalc24.Client.Avalonia", "src\PayCalc24.Client.Avalonia\PayCalc24.Client.Avalonia.csproj", "{A1D70039-926F-43F7-91D4-DB948925BBCC}"
EndProject
Project("{FAE04EC0-301F-11D3-BF4B-00C04F79EFBC}") = "PayCalc24.Contracts", "src\PayCalc24.Contracts\PayCalc24.Contracts.csproj", "{761BCC80-594E-4545-9E29-E1CCA373E922}"
EndProject
Project("{FAE04EC0-301F-11D3-BF4B-00C04F79EFBC}") = "PayCalc24.Domain", "src\PayCalc24.Domain\PayCalc24.Domain.csproj", "{FC21F450-C195-4824-8B97-AC654AC617C0}"
EndProject
Project("{FAE04EC0-301F-11D3-BF4B-00C04F79EFBC}") = "PayCalc24.Infrastructure.MariaDb", "src\PayCalc24.Infrastructure.MariaDb\PayCalc24.Infrastructure.MariaDb.csproj", "{7D06C94B-F0A8-4096-A23D-BFAE85082206}"
EndProject
Project("{2150E333-8FDC-42A3-9474-1A3956D46DE8}") = "tests", "tests", "{37D3F681-BC85-49FC-9DD0-13834AD13E54}"
EndProject
Project("{FAE04EC0-301F-11D3-BF4B-00C04F79EFBC}") = "PayCalc24.ArchitectureTests", "tests\PayCalc24.ArchitectureTests\PayCalc24.ArchitectureTests.csproj", "{01F2CF6F-2775-4517-A055-013869576B7F}"
EndProject
Project("{FAE04EC0-301F-11D3-BF4B-00C04F79EFBC}") = "PayCalc24.ApplicationTests", "tests\PayCalc24.ApplicationTests\PayCalc24.ApplicationTests.csproj", "{68490F67-C48F-414B-82F1-5A5A707841C4}"
EndProject
Global
	GlobalSection(SolutionConfigurationPlatforms) = preSolution
		Debug|Any CPU = Debug|Any CPU
		Release|Any CPU = Release|Any CPU
	EndGlobalSection
	GlobalSection(SolutionProperties) = preSolution
		HideSolutionNode = FALSE
	EndGlobalSection
	GlobalSection(ProjectConfigurationPlatforms) = postSolution
		{0DBBE05E-AB18-43AC-A350-55C170C828A3}.Debug|Any CPU.ActiveCfg = Debug|Any CPU
		{0DBBE05E-AB18-43AC-A350-55C170C828A3}.Debug|Any CPU.Build.0 = Debug|Any CPU
		{0DBBE05E-AB18-43AC-A350-55C170C828A3}.Release|Any CPU.ActiveCfg = Release|Any CPU
		{0DBBE05E-AB18-43AC-A350-55C170C828A3}.Release|Any CPU.Build.0 = Release|Any CPU
		{D2EBBBE7-F2DA-48AE-B92C-53087B62B95D}.Debug|Any CPU.ActiveCfg = Debug|Any CPU
		{D2EBBBE7-F2DA-48AE-B92C-53087B62B95D}.Debug|Any CPU.Build.0 = Debug|Any CPU
		{D2EBBBE7-F2DA-48AE-B92C-53087B62B95D}.Release|Any CPU.ActiveCfg = Release|Any CPU
		{D2EBBBE7-F2DA-48AE-B92C-53087B62B95D}.Release|Any CPU.Build.0 = Release|Any CPU
		{3C7E061E-ACD5-4091-B388-DBA1BC555E7E}.Debug|Any CPU.ActiveCfg = Debug|Any CPU
		{3C7E061E-ACD5-4091-B388-DBA1BC555E7E}.Debug|Any CPU.Build.0 = Debug|Any CPU
		{3C7E061E-ACD5-4091-B388-DBA1BC555E7E}.Release|Any CPU.ActiveCfg = Release|Any CPU
		{3C7E061E-ACD5-4091-B388-DBA1BC555E7E}.Release|Any CPU.Build.0 = Release|Any CPU
		{338AA07A-6F0A-4008-A058-CC937F05138B}.Debug|Any CPU.ActiveCfg = Debug|Any CPU
		{338AA07A-6F0A-4008-A058-CC937F05138B}.Debug|Any CPU.Build.0 = Debug|Any CPU
		{338AA07A-6F0A-4008-A058-CC937F05138B}.Release|Any CPU.ActiveCfg = Release|Any CPU
		{338AA07A-6F0A-4008-A058-CC937F05138B}.Release|Any CPU.Build.0 = Release|Any CPU
		{DEA947B3-3867-47C4-9C4C-6D12DB67CCA2}.Debug|Any CPU.ActiveCfg = Debug|Any CPU
		{DEA947B3-3867-47C4-9C4C-6D12DB67CCA2}.Debug|Any CPU.Build.0 = Debug|Any CPU
		{DEA947B3-3867-47C4-9C4C-6D12DB67CCA2}.Release|Any CPU.ActiveCfg = Release|Any CPU
		{DEA947B3-3867-47C4-9C4C-6D12DB67CCA2}.Release|Any CPU.Build.0 = Release|Any CPU
		{E648228C-792C-47CE-8DD9-7B1B39432F46}.Debug|Any CPU.ActiveCfg = Debug|Any CPU
		{E648228C-792C-47CE-8DD9-7B1B39432F46}.Debug|Any CPU.Build.0 = Debug|Any CPU
		{E648228C-792C-47CE-8DD9-7B1B39432F46}.Release|Any CPU.ActiveCfg = Release|Any CPU
		{E648228C-792C-47CE-8DD9-7B1B39432F46}.Release|Any CPU.Build.0 = Release|Any CPU
		{1F9E393A-6BC2-4AD7-A567-B2B042558AC6}.Debug|Any CPU.ActiveCfg = Debug|Any CPU
		{1F9E393A-6BC2-4AD7-A567-B2B042558AC6}.Debug|Any CPU.Build.0 = Debug|Any CPU
		{1F9E393A-6BC2-4AD7-A567-B2B042558AC6}.Release|Any CPU.ActiveCfg = Release|Any CPU
		{1F9E393A-6BC2-4AD7-A567-B2B042558AC6}.Release|Any CPU.Build.0 = Release|Any CPU
		{867C844F-A29E-4D4D-A214-5B47915D11AC}.Debug|Any CPU.ActiveCfg = Debug|Any CPU
		{867C844F-A29E-4D4D-A214-5B47915D11AC}.Debug|Any CPU.Build.0 = Debug|Any CPU
		{867C844F-A29E-4D4D-A214-5B47915D11AC}.Release|Any CPU.ActiveCfg = Release|Any CPU
		{867C844F-A29E-4D4D-A214-5B47915D11AC}.Release|Any CPU.Build.0 = Release|Any CPU
		{EC635453-F8B7-47AC-8505-20E6ED69686D}.Debug|Any CPU.ActiveCfg = Debug|Any CPU
		{EC635453-F8B7-47AC-8505-20E6ED69686D}.Debug|Any CPU.Build.0 = Debug|Any CPU
		{EC635453-F8B7-47AC-8505-20E6ED69686D}.Release|Any CPU.ActiveCfg = Release|Any CPU
		{EC635453-F8B7-47AC-8505-20E6ED69686D}.Release|Any CPU.Build.0 = Release|Any CPU
		{251DD04F-C7ED-4657-BD17-B3BF9A23EC6A}.Debug|Any CPU.ActiveCfg = Debug|Any CPU
		{251DD04F-C7ED-4657-BD17-B3BF9A23EC6A}.Debug|Any CPU.Build.0 = Debug|Any CPU
		{251DD04F-C7ED-4657-BD17-B3BF9A23EC6A}.Release|Any CPU.ActiveCfg = Release|Any CPU
		{251DD04F-C7ED-4657-BD17-B3BF9A23EC6A}.Release|Any CPU.Build.0 = Release|Any CPU
		{3EAEECB2-F630-4131-B05D-ECCF12786D31}.Debug|Any CPU.ActiveCfg = Debug|Any CPU
		{3EAEECB2-F630-4131-B05D-ECCF12786D31}.Debug|Any CPU.Build.0 = Debug|Any CPU
		{3EAEECB2-F630-4131-B05D-ECCF12786D31}.Release|Any CPU.ActiveCfg = Release|Any CPU
		{3EAEECB2-F630-4131-B05D-ECCF12786D31}.Release|Any CPU.Build.0 = Release|Any CPU
		{B34892C1-BA8E-44AD-86D7-F9D050EE5338}.Debug|Any CPU.ActiveCfg = Debug|Any CPU
		{B34892C1-BA8E-44AD-86D7-F9D050EE5338}.Debug|Any CPU.Build.0 = Debug|Any CPU
		{B34892C1-BA8E-44AD-86D7-F9D050EE5338}.Release|Any CPU.ActiveCfg = Release|Any CPU
		{B34892C1-BA8E-44AD-86D7-F9D050EE5338}.Release|Any CPU.Build.0 = Release|Any CPU
		{A1D70039-926F-43F7-91D4-DB948925BBCC}.Debug|Any CPU.ActiveCfg = Debug|Any CPU
		{A1D70039-926F-43F7-91D4-DB948925BBCC}.Debug|Any CPU.Build.0 = Debug|Any CPU
		{A1D70039-926F-43F7-91D4-DB948925BBCC}.Release|Any CPU.ActiveCfg = Release|Any CPU
		{A1D70039-926F-43F7-91D4-DB948925BBCC}.Release|Any CPU.Build.0 = Release|Any CPU
		{761BCC80-594E-4545-9E29-E1CCA373E922}.Debug|Any CPU.ActiveCfg = Debug|Any CPU
		{761BCC80-594E-4545-9E29-E1CCA373E922}.Debug|Any CPU.Build.0 = Debug|Any CPU
		{761BCC80-594E-4545-9E29-E1CCA373E922}.Release|Any CPU.ActiveCfg = Release|Any CPU
		{761BCC80-594E-4545-9E29-E1CCA373E922}.Release|Any CPU.Build.0 = Release|Any CPU
		{FC21F450-C195-4824-8B97-AC654AC617C0}.Debug|Any CPU.ActiveCfg = Debug|Any CPU
		{FC21F450-C195-4824-8B97-AC654AC617C0}.Debug|Any CPU.Build.0 = Debug|Any CPU
		{FC21F450-C195-4824-8B97-AC654AC617C0}.Release|Any CPU.ActiveCfg = Release|Any CPU
		{FC21F450-C195-4824-8B97-AC654AC617C0}.Release|Any CPU.Build.0 = Release|Any CPU
		{7D06C94B-F0A8-4096-A23D-BFAE85082206}.Debug|Any CPU.ActiveCfg = Debug|Any CPU
		{7D06C94B-F0A8-4096-A23D-BFAE85082206}.Debug|Any CPU.Build.0 = Debug|Any CPU
		{7D06C94B-F0A8-4096-A23D-BFAE85082206}.Release|Any CPU.ActiveCfg = Release|Any CPU
		{7D06C94B-F0A8-4096-A23D-BFAE85082206}.Release|Any CPU.Build.0 = Release|Any CPU
		{01F2CF6F-2775-4517-A055-013869576B7F}.Debug|Any CPU.ActiveCfg = Debug|Any CPU
		{01F2CF6F-2775-4517-A055-013869576B7F}.Debug|Any CPU.Build.0 = Debug|Any CPU
		{01F2CF6F-2775-4517-A055-013869576B7F}.Release|Any CPU.ActiveCfg = Release|Any CPU
		{01F2CF6F-2775-4517-A055-013869576B7F}.Release|Any CPU.Build.0 = Release|Any CPU
		{68490F67-C48F-414B-82F1-5A5A707841C4}.Debug|Any CPU.ActiveCfg = Debug|Any CPU
		{68490F67-C48F-414B-82F1-5A5A707841C4}.Debug|Any CPU.Build.0 = Debug|Any CPU
		{68490F67-C48F-414B-82F1-5A5A707841C4}.Release|Any CPU.ActiveCfg = Release|Any CPU
		{68490F67-C48F-414B-82F1-5A5A707841C4}.Release|Any CPU.Build.0 = Release|Any CPU
	EndGlobalSection
	GlobalSection(NestedProjects) = preSolution
		{381A4185-3C7E-4957-B2E2-AB6C0B6E8F82} = {37115748-9533-4B39-81E6-9E0467B58108}
		{0DBBE05E-AB18-43AC-A350-55C170C828A3} = {381A4185-3C7E-4957-B2E2-AB6C0B6E8F82}
		{D2EBBBE7-F2DA-48AE-B92C-53087B62B95D} = {381A4185-3C7E-4957-B2E2-AB6C0B6E8F82}
		{3C7E061E-ACD5-4091-B388-DBA1BC555E7E} = {381A4185-3C7E-4957-B2E2-AB6C0B6E8F82}
		{338AA07A-6F0A-4008-A058-CC937F05138B} = {381A4185-3C7E-4957-B2E2-AB6C0B6E8F82}
		{DEA947B3-3867-47C4-9C4C-6D12DB67CCA2} = {381A4185-3C7E-4957-B2E2-AB6C0B6E8F82}
		{E648228C-792C-47CE-8DD9-7B1B39432F46} = {381A4185-3C7E-4957-B2E2-AB6C0B6E8F82}
		{1F9E393A-6BC2-4AD7-A567-B2B042558AC6} = {381A4185-3C7E-4957-B2E2-AB6C0B6E8F82}
		{867C844F-A29E-4D4D-A214-5B47915D11AC} = {381A4185-3C7E-4957-B2E2-AB6C0B6E8F82}
		{EC635453-F8B7-47AC-8505-20E6ED69686D} = {381A4185-3C7E-4957-B2E2-AB6C0B6E8F82}
		{251DD04F-C7ED-4657-BD17-B3BF9A23EC6A} = {381A4185-3C7E-4957-B2E2-AB6C0B6E8F82}
		{3EAEECB2-F630-4131-B05D-ECCF12786D31} = {37115748-9533-4B39-81E6-9E0467B58108}
		{B34892C1-BA8E-44AD-86D7-F9D050EE5338} = {37115748-9533-4B39-81E6-9E0467B58108}
		{A1D70039-926F-43F7-91D4-DB948925BBCC} = {37115748-9533-4B39-81E6-9E0467B58108}
		{761BCC80-594E-4545-9E29-E1CCA373E922} = {37115748-9533-4B39-81E6-9E0467B58108}
		{FC21F450-C195-4824-8B97-AC654AC617C0} = {37115748-9533-4B39-81E6-9E0467B58108}
		{7D06C94B-F0A8-4096-A23D-BFAE85082206} = {37115748-9533-4B39-81E6-9E0467B58108}
		{01F2CF6F-2775-4517-A055-013869576B7F} = {37D3F681-BC85-49FC-9DD0-13834AD13E54}
		{68490F67-C48F-414B-82F1-5A5A707841C4} = {37D3F681-BC85-49FC-9DD0-13834AD13E54}
	EndGlobalSection
EndGlobal
